
Microsoft Visual Studio Solution File, Format Version 12.00
# Visual Studio Version 17
VisualStudioVersion = 17.0.31903.59
MinimumVisualStudioVersion = 10.0.40219.1
Project("{2150E333-8FDC-42A3-9474-1A3956D46DE8}") = "domain", "domain", "{F7AA0D04-EAA7-4104-B491-2E0D179666C1}"
EndProject
Project("{FAE04EC0-301F-11D3-BF4B-00C04F79EFBC}") = "Store", "domain\Store\Store.csproj", "{2B500770-F662-4D24-95F6-5CFC7319CCE0}"
EndProject
Global
	GlobalSection(SolutionConfigurationPlatforms) = preSolution
		Debug|Any CPU = Debug|Any CPU
		Release|Any CPU = Release|Any CPU
	EndGlobalSection
	GlobalSection(SolutionProperties) = preSolution
		HideSolutionNode = FALSE
	EndGlobalSection
	GlobalSection(ProjectConfigurationPlatforms) = postSolution
		{2B500770-F662-4D24-95F6-5CFC7319CCE0}.Debug|Any CPU.ActiveCfg = Debug|Any CPU
		{2B500770-F662-4D24-95F6-5CFC7319CCE0}.Debug|Any CPU.Build.0 = Debug|Any CPU
		{2B500770-F662-4D24-95F6-5CFC7319CCE0}.Release|Any CPU.ActiveCfg = Release|Any CPU
		{2B500770-F662-4D24-95F6-5CFC7319CCE0}.Release|Any CPU.Build.0 = Release|Any CPU
	EndGlobalSection
	GlobalSection(NestedProjects) = preSolution
		{2B500770-F662-4D24-95F6-5CFC7319CCE0} = {F7AA0D04-EAA7-4104-B491-2E0D179666C1}
	EndGlobalSection
EndGlobal
